// !$*UTF8*$!
{
	archiveVersion = 1;
	classes = {
	};
	objectVersion = 56;
	objects = {

/* Begin PBXBuildFile section */
		492B0D882AF0B8F200675158 /* NumberView.swift in Sources */ = {isa = PBXBuildFile; fileRef = 492B0D872AF0B8F200675158 /* NumberView.swift */; };
		492B0D8A2AF0B91400675158 /* HomeView.swift in Sources */ = {isa = PBXBuildFile; fileRef = 492B0D892AF0B91400675158 /* HomeView.swift */; };
		492B0D8C2AF0B97C00675158 /* TrainNowView.swift in Sources */ = {isa = PBXBuildFile; fileRef = 492B0D8B2AF0B97C00675158 /* TrainNowView.swift */; };
		495EA5C62B376E890083E207 /* LoginView.swift in Sources */ = {isa = PBXBuildFile; fileRef = 495EA5C52B376E890083E207 /* LoginView.swift */; };
		497067ED2B1D80930089C54F /* PostView.swift in Sources */ = {isa = PBXBuildFile; fileRef = 497067EC2B1D80930089C54F /* PostView.swift */; };
		497067F32B1D85BA0089C54F /* UI_TopBar.swift in Sources */ = {isa = PBXBuildFile; fileRef = 497067F22B1D85BA0089C54F /* UI_TopBar.swift */; };
		497067F52B1D86620089C54F /* SavedForLaterView.swift in Sources */ = {isa = PBXBuildFile; fileRef = 497067F42B1D86620089C54F /* SavedForLaterView.swift */; };
		497067F72B1D867A0089C54F /* ProfileEditorView.swift in Sources */ = {isa = PBXBuildFile; fileRef = 497067F62B1D867A0089C54F /* ProfileEditorView.swift */; };
		4981B5882BCDF3E000C92884 /* Subscriptions.swift in Sources */ = {isa = PBXBuildFile; fileRef = 4981B5872BCDF3E000C92884 /* Subscriptions.swift */; };
		49926F652BA62AE6000E5B26 /* PlayWorkoutView.swift in Sources */ = {isa = PBXBuildFile; fileRef = 49926F642BA62AE6000E5B26 /* PlayWorkoutView.swift */; };
		499A72692B38C41800D8C734 /* NetworkingPosts.swift in Sources */ = {isa = PBXBuildFile; fileRef = 499A72682B38C41800D8C734 /* NetworkingPosts.swift */; };
		49AD56DA2AFC2F9200E92144 /* VideoPlayer.swift in Sources */ = {isa = PBXBuildFile; fileRef = 49AD56D92AFC2F9200E92144 /* VideoPlayer.swift */; };
		49AD56DC2AFC30F100E92144 /* VideoPlayerView.swift in Sources */ = {isa = PBXBuildFile; fileRef = 49AD56DB2AFC30F100E92144 /* VideoPlayerView.swift */; };
		49C02CB72BA6428300346583 /* KeychainService.swift in Sources */ = {isa = PBXBuildFile; fileRef = 49C02CB62BA6428300346583 /* KeychainService.swift */; };
		49C053F02AF0945E00130FD6 /* Now_DribbleApp.swift in Sources */ = {isa = PBXBuildFile; fileRef = 49C053EF2AF0945E00130FD6 /* Now_DribbleApp.swift */; };
		49C053F22AF0945E00130FD6 /* ContentView.swift in Sources */ = {isa = PBXBuildFile; fileRef = 49C053F12AF0945E00130FD6 /* ContentView.swift */; };
		49C053F42AF0946000130FD6 /* Assets.xcassets in Resources */ = {isa = PBXBuildFile; fileRef = 49C053F32AF0946000130FD6 /* Assets.xcassets */; };
		49C053F72AF0946000130FD6 /* Preview Assets.xcassets in Resources */ = {isa = PBXBuildFile; fileRef = 49C053F62AF0946000130FD6 /* Preview Assets.xcassets */; };
		49C054012AF0946000130FD6 /* Now_DribbleTests.swift in Sources */ = {isa = PBXBuildFile; fileRef = 49C054002AF0946000130FD6 /* Now_DribbleTests.swift */; };
		49C0540B2AF0946000130FD6 /* Now_DribbleUITests.swift in Sources */ = {isa = PBXBuildFile; fileRef = 49C0540A2AF0946000130FD6 /* Now_DribbleUITests.swift */; };
		49C0540D2AF0946000130FD6 /* Now_DribbleUITestsLaunchTests.swift in Sources */ = {isa = PBXBuildFile; fileRef = 49C0540C2AF0946000130FD6 /* Now_DribbleUITestsLaunchTests.swift */; };
		49C7BFB22BFC1B36008E1E4F /* SettingsView.swift in Sources */ = {isa = PBXBuildFile; fileRef = 49C7BFB12BFC1B36008E1E4F /* SettingsView.swift */; };
		49C937392B50739E000BECE5 /* ProfileView.swift in Sources */ = {isa = PBXBuildFile; fileRef = 49C937382B50739E000BECE5 /* ProfileView.swift */; };
		49C9373B2B507E5B000BECE5 /* NetworkingProfiles.swift in Sources */ = {isa = PBXBuildFile; fileRef = 49C9373A2B507E5B000BECE5 /* NetworkingProfiles.swift */; };
		49C9373E2B5618CE000BECE5 /* WorkoutView.swift in Sources */ = {isa = PBXBuildFile; fileRef = 49C9373D2B5618CE000BECE5 /* WorkoutView.swift */; };
		49C937402B5618D9000BECE5 /* NetworkingWorkouts.swift in Sources */ = {isa = PBXBuildFile; fileRef = 49C9373F2B5618D9000BECE5 /* NetworkingWorkouts.swift */; };
		49EB05802B8EC10400801BE3 /* CategoryView.swift in Sources */ = {isa = PBXBuildFile; fileRef = 49EB057F2B8EC10400801BE3 /* CategoryView.swift */; };
		49EB05822B8EC2BA00801BE3 /* CategoryContentsView.swift in Sources */ = {isa = PBXBuildFile; fileRef = 49EB05812B8EC2BA00801BE3 /* CategoryContentsView.swift */; };
		49FFC3E32BD3756700EA450F /* NetworkingSaved.swift in Sources */ = {isa = PBXBuildFile; fileRef = 49FFC3E22BD3756700EA450F /* NetworkingSaved.swift */; };
		49FFC3E52BD5D5F900EA450F /* StandaloneVideoView.swift in Sources */ = {isa = PBXBuildFile; fileRef = 49FFC3E42BD5D5F900EA450F /* StandaloneVideoView.swift */; };
/* End PBXBuildFile section */

/* Begin PBXContainerItemProxy section */
		49C053FD2AF0946000130FD6 /* PBXContainerItemProxy */ = {
			isa = PBXContainerItemProxy;
			containerPortal = 49C053E42AF0945E00130FD6 /* Project object */;
			proxyType = 1;
			remoteGlobalIDString = 49C053EB2AF0945E00130FD6;
			remoteInfo = "Now Dribble";
		};
		49C054072AF0946000130FD6 /* PBXContainerItemProxy */ = {
			isa = PBXContainerItemProxy;
			containerPortal = 49C053E42AF0945E00130FD6 /* Project object */;
			proxyType = 1;
			remoteGlobalIDString = 49C053EB2AF0945E00130FD6;
			remoteInfo = "Now Dribble";
		};
/* End PBXContainerItemProxy section */

/* Begin PBXFileReference section */
		492B0D872AF0B8F200675158 /* NumberView.swift */ = {isa = PBXFileReference; lastKnownFileType = sourcecode.swift; path = NumberView.swift; sourceTree = "<group>"; };
		492B0D892AF0B91400675158 /* HomeView.swift */ = {isa = PBXFileReference; lastKnownFileType = sourcecode.swift; path = HomeView.swift; sourceTree = "<group>"; };
		492B0D8B2AF0B97C00675158 /* TrainNowView.swift */ = {isa = PBXFileReference; lastKnownFileType = sourcecode.swift; path = TrainNowView.swift; sourceTree = "<group>"; };
		495EA5C52B376E890083E207 /* LoginView.swift */ = {isa = PBXFileReference; lastKnownFileType = sourcecode.swift; path = LoginView.swift; sourceTree = "<group>"; };
		495EA5C92B3772130083E207 /* Now Dribble.entitlements */ = {isa = PBXFileReference; lastKnownFileType = text.plist.entitlements; path = "Now Dribble.entitlements"; sourceTree = "<group>"; };
		497067EC2B1D80930089C54F /* PostView.swift */ = {isa = PBXFileReference; lastKnownFileType = sourcecode.swift; path = PostView.swift; sourceTree = "<group>"; };
		497067F22B1D85BA0089C54F /* UI_TopBar.swift */ = {isa = PBXFileReference; lastKnownFileType = sourcecode.swift; path = UI_TopBar.swift; sourceTree = "<group>"; };
		497067F42B1D86620089C54F /* SavedForLaterView.swift */ = {isa = PBXFileReference; lastKnownFileType = sourcecode.swift; path = SavedForLaterView.swift; sourceTree = "<group>"; };
		497067F62B1D867A0089C54F /* ProfileEditorView.swift */ = {isa = PBXFileReference; lastKnownFileType = sourcecode.swift; path = ProfileEditorView.swift; sourceTree = "<group>"; };
		4981B5872BCDF3E000C92884 /* Subscriptions.swift */ = {isa = PBXFileReference; lastKnownFileType = sourcecode.swift; path = Subscriptions.swift; sourceTree = "<group>"; };
		49926F642BA62AE6000E5B26 /* PlayWorkoutView.swift */ = {isa = PBXFileReference; lastKnownFileType = sourcecode.swift; path = PlayWorkoutView.swift; sourceTree = "<group>"; };
		499A72682B38C41800D8C734 /* NetworkingPosts.swift */ = {isa = PBXFileReference; lastKnownFileType = sourcecode.swift; path = NetworkingPosts.swift; sourceTree = "<group>"; };
		49AD56D92AFC2F9200E92144 /* VideoPlayer.swift */ = {isa = PBXFileReference; lastKnownFileType = sourcecode.swift; path = VideoPlayer.swift; sourceTree = "<group>"; };
		49AD56DB2AFC30F100E92144 /* VideoPlayerView.swift */ = {isa = PBXFileReference; lastKnownFileType = sourcecode.swift; path = VideoPlayerView.swift; sourceTree = "<group>"; };
		49C02CB62BA6428300346583 /* KeychainService.swift */ = {isa = PBXFileReference; lastKnownFileType = sourcecode.swift; path = KeychainService.swift; sourceTree = "<group>"; };
		49C053EC2AF0945E00130FD6 /* Now Dribble.app */ = {isa = PBXFileReference; explicitFileType = wrapper.application; includeInIndex = 0; path = "Now Dribble.app"; sourceTree = BUILT_PRODUCTS_DIR; };
		49C053EF2AF0945E00130FD6 /* Now_DribbleApp.swift */ = {isa = PBXFileReference; lastKnownFileType = sourcecode.swift; path = Now_DribbleApp.swift; sourceTree = "<group>"; };
		49C053F12AF0945E00130FD6 /* ContentView.swift */ = {isa = PBXFileReference; lastKnownFileType = sourcecode.swift; path = ContentView.swift; sourceTree = "<group>"; };
		49C053F32AF0946000130FD6 /* Assets.xcassets */ = {isa = PBXFileReference; lastKnownFileType = folder.assetcatalog; path = Assets.xcassets; sourceTree = "<group>"; };
		49C053F62AF0946000130FD6 /* Preview Assets.xcassets */ = {isa = PBXFileReference; lastKnownFileType = folder.assetcatalog; path = "Preview Assets.xcassets"; sourceTree = "<group>"; };
		49C053FC2AF0946000130FD6 /* Now DribbleTests.xctest */ = {isa = PBXFileReference; explicitFileType = wrapper.cfbundle; includeInIndex = 0; path = "Now DribbleTests.xctest"; sourceTree = BUILT_PRODUCTS_DIR; };
		49C054002AF0946000130FD6 /* Now_DribbleTests.swift */ = {isa = PBXFileReference; lastKnownFileType = sourcecode.swift; path = Now_DribbleTests.swift; sourceTree = "<group>"; };
		49C054062AF0946000130FD6 /* Now DribbleUITests.xctest */ = {isa = PBXFileReference; explicitFileType = wrapper.cfbundle; includeInIndex = 0; path = "Now DribbleUITests.xctest"; sourceTree = BUILT_PRODUCTS_DIR; };
		49C0540A2AF0946000130FD6 /* Now_DribbleUITests.swift */ = {isa = PBXFileReference; lastKnownFileType = sourcecode.swift; path = Now_DribbleUITests.swift; sourceTree = "<group>"; };
		49C0540C2AF0946000130FD6 /* Now_DribbleUITestsLaunchTests.swift */ = {isa = PBXFileReference; lastKnownFileType = sourcecode.swift; path = Now_DribbleUITestsLaunchTests.swift; sourceTree = "<group>"; };
		49C7BFB12BFC1B36008E1E4F /* SettingsView.swift */ = {isa = PBXFileReference; lastKnownFileType = sourcecode.swift; path = SettingsView.swift; sourceTree = "<group>"; };
		49C937382B50739E000BECE5 /* ProfileView.swift */ = {isa = PBXFileReference; lastKnownFileType = sourcecode.swift; path = ProfileView.swift; sourceTree = "<group>"; };
		49C9373A2B507E5B000BECE5 /* NetworkingProfiles.swift */ = {isa = PBXFileReference; lastKnownFileType = sourcecode.swift; path = NetworkingProfiles.swift; sourceTree = "<group>"; };
		49C9373D2B5618CE000BECE5 /* WorkoutView.swift */ = {isa = PBXFileReference; lastKnownFileType = sourcecode.swift; path = WorkoutView.swift; sourceTree = "<group>"; };
		49C9373F2B5618D9000BECE5 /* NetworkingWorkouts.swift */ = {isa = PBXFileReference; lastKnownFileType = sourcecode.swift; path = NetworkingWorkouts.swift; sourceTree = "<group>"; };
		49EB057F2B8EC10400801BE3 /* CategoryView.swift */ = {isa = PBXFileReference; lastKnownFileType = sourcecode.swift; path = CategoryView.swift; sourceTree = "<group>"; };
		49EB05812B8EC2BA00801BE3 /* CategoryContentsView.swift */ = {isa = PBXFileReference; lastKnownFileType = sourcecode.swift; path = CategoryContentsView.swift; sourceTree = "<group>"; };
		49EC0E342AF0A7D100DF4411 /* Now-Dribble-Info.plist */ = {isa = PBXFileReference; lastKnownFileType = text.plist; path = "Now-Dribble-Info.plist"; sourceTree = SOURCE_ROOT; };
		49FFC3E22BD3756700EA450F /* NetworkingSaved.swift */ = {isa = PBXFileReference; lastKnownFileType = sourcecode.swift; path = NetworkingSaved.swift; sourceTree = "<group>"; };
		49FFC3E42BD5D5F900EA450F /* StandaloneVideoView.swift */ = {isa = PBXFileReference; lastKnownFileType = sourcecode.swift; path = StandaloneVideoView.swift; sourceTree = "<group>"; };
/* End PBXFileReference section */

/* Begin PBXFrameworksBuildPhase section */
		49C053E92AF0945E00130FD6 /* Frameworks */ = {
			isa = PBXFrameworksBuildPhase;
			buildActionMask = 2147483647;
			files = (
			);
			runOnlyForDeploymentPostprocessing = 0;
		};
		49C053F92AF0946000130FD6 /* Frameworks */ = {
			isa = PBXFrameworksBuildPhase;
			buildActionMask = 2147483647;
			files = (
			);
			runOnlyForDeploymentPostprocessing = 0;
		};
		49C054032AF0946000130FD6 /* Frameworks */ = {
			isa = PBXFrameworksBuildPhase;
			buildActionMask = 2147483647;
			files = (
			);
			runOnlyForDeploymentPostprocessing = 0;
		};
/* End PBXFrameworksBuildPhase section */

/* Begin PBXGroup section */
		495EA5C42B376E7B0083E207 /* Login */ = {
			isa = PBXGroup;
			children = (
				495EA5C52B376E890083E207 /* LoginView.swift */,
				49C02CB62BA6428300346583 /* KeychainService.swift */,
			);
			path = Login;
			sourceTree = "<group>";
		};
		497067FE2B1D89720089C54F /* Feed (Posts) */ = {
			isa = PBXGroup;
			children = (
				497067EC2B1D80930089C54F /* PostView.swift */,
				499A72682B38C41800D8C734 /* NetworkingPosts.swift */,
			);
			path = "Feed (Posts)";
			sourceTree = "<group>";
		};
		497067FF2B1D898B0089C54F /* Profile */ = {
			isa = PBXGroup;
			children = (
				497067F62B1D867A0089C54F /* ProfileEditorView.swift */,
				49C937382B50739E000BECE5 /* ProfileView.swift */,
				49C9373A2B507E5B000BECE5 /* NetworkingProfiles.swift */,
			);
			path = Profile;
			sourceTree = "<group>";
		};
		497068002B1D899C0089C54F /* Video */ = {
			isa = PBXGroup;
			children = (
				49AD56D92AFC2F9200E92144 /* VideoPlayer.swift */,
				49AD56DB2AFC30F100E92144 /* VideoPlayerView.swift */,
				49FFC3E42BD5D5F900EA450F /* StandaloneVideoView.swift */,
			);
			path = Video;
			sourceTree = "<group>";
		};
		497068442B1DA68A0089C54F /* Tab Bar Views */ = {
			isa = PBXGroup;
			children = (
				492B0D892AF0B91400675158 /* HomeView.swift */,
				492B0D8B2AF0B97C00675158 /* TrainNowView.swift */,
				492B0D872AF0B8F200675158 /* NumberView.swift */,
			);
			path = "Tab Bar Views";
			sourceTree = "<group>";
		};
		497068452B1DA6A10089C54F /* Top Bar and Views */ = {
			isa = PBXGroup;
			children = (
				497067F22B1D85BA0089C54F /* UI_TopBar.swift */,
				4981B5872BCDF3E000C92884 /* Subscriptions.swift */,
			);
			path = "Top Bar and Views";
			sourceTree = "<group>";
		};
		49C053E32AF0945E00130FD6 = {
			isa = PBXGroup;
			children = (
				49C053EE2AF0945E00130FD6 /* Now Dribble */,
				49C053FF2AF0946000130FD6 /* Now DribbleTests */,
				49C054092AF0946000130FD6 /* Now DribbleUITests */,
				49C053ED2AF0945E00130FD6 /* Products */,
			);
			sourceTree = "<group>";
		};
		49C053ED2AF0945E00130FD6 /* Products */ = {
			isa = PBXGroup;
			children = (
				49C053EC2AF0945E00130FD6 /* Now Dribble.app */,
				49C053FC2AF0946000130FD6 /* Now DribbleTests.xctest */,
				49C054062AF0946000130FD6 /* Now DribbleUITests.xctest */,
			);
			name = Products;
			sourceTree = "<group>";
		};
		49C053EE2AF0945E00130FD6 /* Now Dribble */ = {
			isa = PBXGroup;
			children = (
				495EA5C92B3772130083E207 /* Now Dribble.entitlements */,
				49EC0E342AF0A7D100DF4411 /* Now-Dribble-Info.plist */,
				49C053F32AF0946000130FD6 /* Assets.xcassets */,
				49C053EF2AF0945E00130FD6 /* Now_DribbleApp.swift */,
				49C053F12AF0945E00130FD6 /* ContentView.swift */,
				49C7BFB12BFC1B36008E1E4F /* SettingsView.swift */,
				495EA5C42B376E7B0083E207 /* Login */,
				497068442B1DA68A0089C54F /* Tab Bar Views */,
				497068452B1DA6A10089C54F /* Top Bar and Views */,
				49C9373C2B5618BD000BECE5 /* Workouts */,
				49EB057C2B8EC0CF00801BE3 /* Categories */,
				497068002B1D899C0089C54F /* Video */,
				497067FF2B1D898B0089C54F /* Profile */,
				497067FE2B1D89720089C54F /* Feed (Posts) */,
				49C053F52AF0946000130FD6 /* Preview Content */,
			);
			path = "Now Dribble";
			sourceTree = "<group>";
		};
		49C053F52AF0946000130FD6 /* Preview Content */ = {
			isa = PBXGroup;
			children = (
				49C053F62AF0946000130FD6 /* Preview Assets.xcassets */,
			);
			path = "Preview Content";
			sourceTree = "<group>";
		};
		49C053FF2AF0946000130FD6 /* Now DribbleTests */ = {
			isa = PBXGroup;
			children = (
				49C054002AF0946000130FD6 /* Now_DribbleTests.swift */,
			);
			path = "Now DribbleTests";
			sourceTree = "<group>";
		};
		49C054092AF0946000130FD6 /* Now DribbleUITests */ = {
			isa = PBXGroup;
			children = (
				49C0540A2AF0946000130FD6 /* Now_DribbleUITests.swift */,
				49C0540C2AF0946000130FD6 /* Now_DribbleUITestsLaunchTests.swift */,
			);
			path = "Now DribbleUITests";
			sourceTree = "<group>";
		};
		49C9373C2B5618BD000BECE5 /* Workouts */ = {
			isa = PBXGroup;
			children = (
				49FFC3E12BD3754B00EA450F /* Saved */,
				49C9373D2B5618CE000BECE5 /* WorkoutView.swift */,
				49C9373F2B5618D9000BECE5 /* NetworkingWorkouts.swift */,
				49926F642BA62AE6000E5B26 /* PlayWorkoutView.swift */,
			);
			path = Workouts;
			sourceTree = "<group>";
		};
		49EB057C2B8EC0CF00801BE3 /* Categories */ = {
			isa = PBXGroup;
			children = (
				49EB057F2B8EC10400801BE3 /* CategoryView.swift */,
				49EB05812B8EC2BA00801BE3 /* CategoryContentsView.swift */,
			);
			path = Categories;
			sourceTree = "<group>";
		};
		49FFC3E12BD3754B00EA450F /* Saved */ = {
			isa = PBXGroup;
			children = (
				497067F42B1D86620089C54F /* SavedForLaterView.swift */,
				49FFC3E22BD3756700EA450F /* NetworkingSaved.swift */,
			);
			path = Saved;
			sourceTree = "<group>";
		};
/* End PBXGroup section */

/* Begin PBXNativeTarget section */
		49C053EB2AF0945E00130FD6 /* Now Dribble */ = {
			isa = PBXNativeTarget;
			buildConfigurationList = 49C054102AF0946000130FD6 /* Build configuration list for PBXNativeTarget "Now Dribble" */;
			buildPhases = (
				49C053E82AF0945E00130FD6 /* Sources */,
				49C053E92AF0945E00130FD6 /* Frameworks */,
				49C053EA2AF0945E00130FD6 /* Resources */,
			);
			buildRules = (
			);
			dependencies = (
			);
			name = "Now Dribble";
			productName = "Now Dribble";
			productReference = 49C053EC2AF0945E00130FD6 /* Now Dribble.app */;
			productType = "com.apple.product-type.application";
		};
		49C053FB2AF0946000130FD6 /* Now DribbleTests */ = {
			isa = PBXNativeTarget;
			buildConfigurationList = 49C054132AF0946000130FD6 /* Build configuration list for PBXNativeTarget "Now DribbleTests" */;
			buildPhases = (
				49C053F82AF0946000130FD6 /* Sources */,
				49C053F92AF0946000130FD6 /* Frameworks */,
				49C053FA2AF0946000130FD6 /* Resources */,
			);
			buildRules = (
			);
			dependencies = (
				49C053FE2AF0946000130FD6 /* PBXTargetDependency */,
			);
			name = "Now DribbleTests";
			productName = "Now DribbleTests";
			productReference = 49C053FC2AF0946000130FD6 /* Now DribbleTests.xctest */;
			productType = "com.apple.product-type.bundle.unit-test";
		};
		49C054052AF0946000130FD6 /* Now DribbleUITests */ = {
			isa = PBXNativeTarget;
			buildConfigurationList = 49C054162AF0946000130FD6 /* Build configuration list for PBXNativeTarget "Now DribbleUITests" */;
			buildPhases = (
				49C054022AF0946000130FD6 /* Sources */,
				49C054032AF0946000130FD6 /* Frameworks */,
				49C054042AF0946000130FD6 /* Resources */,
			);
			buildRules = (
			);
			dependencies = (
				49C054082AF0946000130FD6 /* PBXTargetDependency */,
			);
			name = "Now DribbleUITests";
			productName = "Now DribbleUITests";
			productReference = 49C054062AF0946000130FD6 /* Now DribbleUITests.xctest */;
			productType = "com.apple.product-type.bundle.ui-testing";
		};
/* End PBXNativeTarget section */

/* Begin PBXProject section */
		49C053E42AF0945E00130FD6 /* Project object */ = {
			isa = PBXProject;
			attributes = {
				BuildIndependentTargetsInParallel = 1;
				LastSwiftUpdateCheck = 1500;
				LastUpgradeCheck = 1500;
				TargetAttributes = {
					49C053EB2AF0945E00130FD6 = {
						CreatedOnToolsVersion = 15.0;
					};
					49C053FB2AF0946000130FD6 = {
						CreatedOnToolsVersion = 15.0;
						TestTargetID = 49C053EB2AF0945E00130FD6;
					};
					49C054052AF0946000130FD6 = {
						CreatedOnToolsVersion = 15.0;
						TestTargetID = 49C053EB2AF0945E00130FD6;
					};
				};
			};
			buildConfigurationList = 49C053E72AF0945E00130FD6 /* Build configuration list for PBXProject "Now Dribble" */;
			compatibilityVersion = "Xcode 14.0";
			developmentRegion = en;
			hasScannedForEncodings = 0;
			knownRegions = (
				en,
				Base,
			);
			mainGroup = 49C053E32AF0945E00130FD6;
			productRefGroup = 49C053ED2AF0945E00130FD6 /* Products */;
			projectDirPath = "";
			projectRoot = "";
			targets = (
				49C053EB2AF0945E00130FD6 /* Now Dribble */,
				49C053FB2AF0946000130FD6 /* Now DribbleTests */,
				49C054052AF0946000130FD6 /* Now DribbleUITests */,
			);
		};
/* End PBXProject section */

/* Begin PBXResourcesBuildPhase section */
		49C053EA2AF0945E00130FD6 /* Resources */ = {
			isa = PBXResourcesBuildPhase;
			buildActionMask = 2147483647;
			files = (
				49C053F72AF0946000130FD6 /* Preview Assets.xcassets in Resources */,
				49C053F42AF0946000130FD6 /* Assets.xcassets in Resources */,
			);
			runOnlyForDeploymentPostprocessing = 0;
		};
		49C053FA2AF0946000130FD6 /* Resources */ = {
			isa = PBXResourcesBuildPhase;
			buildActionMask = 2147483647;
			files = (
			);
			runOnlyForDeploymentPostprocessing = 0;
		};
		49C054042AF0946000130FD6 /* Resources */ = {
			isa = PBXResourcesBuildPhase;
			buildActionMask = 2147483647;
			files = (
			);
			runOnlyForDeploymentPostprocessing = 0;
		};
/* End PBXResourcesBuildPhase section */

/* Begin PBXSourcesBuildPhase section */
		49C053E82AF0945E00130FD6 /* Sources */ = {
			isa = PBXSourcesBuildPhase;
			buildActionMask = 2147483647;
			files = (
				49C053F22AF0945E00130FD6 /* ContentView.swift in Sources */,
				49C053F02AF0945E00130FD6 /* Now_DribbleApp.swift in Sources */,
				49C9373E2B5618CE000BECE5 /* WorkoutView.swift in Sources */,
				497067F52B1D86620089C54F /* SavedForLaterView.swift in Sources */,
				497067F72B1D867A0089C54F /* ProfileEditorView.swift in Sources */,
				497067ED2B1D80930089C54F /* PostView.swift in Sources */,
				49FFC3E32BD3756700EA450F /* NetworkingSaved.swift in Sources */,
				49AD56DA2AFC2F9200E92144 /* VideoPlayer.swift in Sources */,
				492B0D8A2AF0B91400675158 /* HomeView.swift in Sources */,
				49EB05802B8EC10400801BE3 /* CategoryView.swift in Sources */,
				49C937402B5618D9000BECE5 /* NetworkingWorkouts.swift in Sources */,
				4981B5882BCDF3E000C92884 /* Subscriptions.swift in Sources */,
				497067F32B1D85BA0089C54F /* UI_TopBar.swift in Sources */,
				49C02CB72BA6428300346583 /* KeychainService.swift in Sources */,
				49EB05822B8EC2BA00801BE3 /* CategoryContentsView.swift in Sources */,
				49C7BFB22BFC1B36008E1E4F /* SettingsView.swift in Sources */,
				492B0D8C2AF0B97C00675158 /* TrainNowView.swift in Sources */,
				49926F652BA62AE6000E5B26 /* PlayWorkoutView.swift in Sources */,
				499A72692B38C41800D8C734 /* NetworkingPosts.swift in Sources */,
				49C9373B2B507E5B000BECE5 /* NetworkingProfiles.swift in Sources */,
				495EA5C62B376E890083E207 /* LoginView.swift in Sources */,
				492B0D882AF0B8F200675158 /* NumberView.swift in Sources */,
				49C937392B50739E000BECE5 /* ProfileView.swift in Sources */,
				49AD56DC2AFC30F100E92144 /* VideoPlayerView.swift in Sources */,
				49FFC3E52BD5D5F900EA450F /* StandaloneVideoView.swift in Sources */,
			);
			runOnlyForDeploymentPostprocessing = 0;
		};
		49C053F82AF0946000130FD6 /* Sources */ = {
			isa = PBXSourcesBuildPhase;
			buildActionMask = 2147483647;
			files = (
				49C054012AF0946000130FD6 /* Now_DribbleTests.swift in Sources */,
			);
			runOnlyForDeploymentPostprocessing = 0;
		};
		49C054022AF0946000130FD6 /* Sources */ = {
			isa = PBXSourcesBuildPhase;
			buildActionMask = 2147483647;
			files = (
				49C0540D2AF0946000130FD6 /* Now_DribbleUITestsLaunchTests.swift in Sources */,
				49C0540B2AF0946000130FD6 /* Now_DribbleUITests.swift in Sources */,
			);
			runOnlyForDeploymentPostprocessing = 0;
		};
/* End PBXSourcesBuildPhase section */

/* Begin PBXTargetDependency section */
		49C053FE2AF0946000130FD6 /* PBXTargetDependency */ = {
			isa = PBXTargetDependency;
			target = 49C053EB2AF0945E00130FD6 /* Now Dribble */;
			targetProxy = 49C053FD2AF0946000130FD6 /* PBXContainerItemProxy */;
		};
		49C054082AF0946000130FD6 /* PBXTargetDependency */ = {
			isa = PBXTargetDependency;
			target = 49C053EB2AF0945E00130FD6 /* Now Dribble */;
			targetProxy = 49C054072AF0946000130FD6 /* PBXContainerItemProxy */;
		};
/* End PBXTargetDependency section */

/* Begin XCBuildConfiguration section */
		49C0540E2AF0946000130FD6 /* Debug */ = {
			isa = XCBuildConfiguration;
			buildSettings = {
				ALWAYS_SEARCH_USER_PATHS = NO;
				ASSETCATALOG_COMPILER_GENERATE_SWIFT_ASSET_SYMBOL_EXTENSIONS = YES;
				CLANG_ANALYZER_NONNULL = YES;
				CLANG_ANALYZER_NUMBER_OBJECT_CONVERSION = YES_AGGRESSIVE;
				CLANG_CXX_LANGUAGE_STANDARD = "gnu++20";
				CLANG_ENABLE_MODULES = YES;
				CLANG_ENABLE_OBJC_ARC = YES;
				CLANG_ENABLE_OBJC_WEAK = YES;
				CLANG_WARN_BLOCK_CAPTURE_AUTORELEASING = YES;
				CLANG_WARN_BOOL_CONVERSION = YES;
				CLANG_WARN_COMMA = YES;
				CLANG_WARN_CONSTANT_CONVERSION = YES;
				CLANG_WARN_DEPRECATED_OBJC_IMPLEMENTATIONS = YES;
				CLANG_WARN_DIRECT_OBJC_ISA_USAGE = YES_ERROR;
				CLANG_WARN_DOCUMENTATION_COMMENTS = YES;
				CLANG_WARN_EMPTY_BODY = YES;
				CLANG_WARN_ENUM_CONVERSION = YES;
				CLANG_WARN_INFINITE_RECURSION = YES;
				CLANG_WARN_INT_CONVERSION = YES;
				CLANG_WARN_NON_LITERAL_NULL_CONVERSION = YES;
				CLANG_WARN_OBJC_IMPLICIT_RETAIN_SELF = YES;
				CLANG_WARN_OBJC_LITERAL_CONVERSION = YES;
				CLANG_WARN_OBJC_ROOT_CLASS = YES_ERROR;
				CLANG_WARN_QUOTED_INCLUDE_IN_FRAMEWORK_HEADER = YES;
				CLANG_WARN_RANGE_LOOP_ANALYSIS = YES;
				CLANG_WARN_STRICT_PROTOTYPES = YES;
				CLANG_WARN_SUSPICIOUS_MOVE = YES;
				CLANG_WARN_UNGUARDED_AVAILABILITY = YES_AGGRESSIVE;
				CLANG_WARN_UNREACHABLE_CODE = YES;
				CLANG_WARN__DUPLICATE_METHOD_MATCH = YES;
				COPY_PHASE_STRIP = NO;
				DEBUG_INFORMATION_FORMAT = dwarf;
				ENABLE_STRICT_OBJC_MSGSEND = YES;
				ENABLE_TESTABILITY = YES;
				ENABLE_USER_SCRIPT_SANDBOXING = YES;
				GCC_C_LANGUAGE_STANDARD = gnu17;
				GCC_DYNAMIC_NO_PIC = NO;
				GCC_NO_COMMON_BLOCKS = YES;
				GCC_OPTIMIZATION_LEVEL = 0;
				GCC_PREPROCESSOR_DEFINITIONS = (
					"DEBUG=1",
					"$(inherited)",
				);
				GCC_WARN_64_TO_32_BIT_CONVERSION = YES;
				GCC_WARN_ABOUT_RETURN_TYPE = YES_ERROR;
				GCC_WARN_UNDECLARED_SELECTOR = YES;
				GCC_WARN_UNINITIALIZED_AUTOS = YES_AGGRESSIVE;
				GCC_WARN_UNUSED_FUNCTION = YES;
				GCC_WARN_UNUSED_VARIABLE = YES;
				IPHONEOS_DEPLOYMENT_TARGET = 17.0;
				LOCALIZATION_PREFERS_STRING_CATALOGS = YES;
				MTL_ENABLE_DEBUG_INFO = INCLUDE_SOURCE;
				MTL_FAST_MATH = YES;
				ONLY_ACTIVE_ARCH = YES;
				SDKROOT = iphoneos;
				SWIFT_ACTIVE_COMPILATION_CONDITIONS = "DEBUG $(inherited)";
				SWIFT_OPTIMIZATION_LEVEL = "-Onone";
			};
			name = Debug;
		};
		49C0540F2AF0946000130FD6 /* Release */ = {
			isa = XCBuildConfiguration;
			buildSettings = {
				ALWAYS_SEARCH_USER_PATHS = NO;
				ASSETCATALOG_COMPILER_GENERATE_SWIFT_ASSET_SYMBOL_EXTENSIONS = YES;
				CLANG_ANALYZER_NONNULL = YES;
				CLANG_ANALYZER_NUMBER_OBJECT_CONVERSION = YES_AGGRESSIVE;
				CLANG_CXX_LANGUAGE_STANDARD = "gnu++20";
				CLANG_ENABLE_MODULES = YES;
				CLANG_ENABLE_OBJC_ARC = YES;
				CLANG_ENABLE_OBJC_WEAK = YES;
				CLANG_WARN_BLOCK_CAPTURE_AUTORELEASING = YES;
				CLANG_WARN_BOOL_CONVERSION = YES;
				CLANG_WARN_COMMA = YES;
				CLANG_WARN_CONSTANT_CONVERSION = YES;
				CLANG_WARN_DEPRECATED_OBJC_IMPLEMENTATIONS = YES;
				CLANG_WARN_DIRECT_OBJC_ISA_USAGE = YES_ERROR;
				CLANG_WARN_DOCUMENTATION_COMMENTS = YES;
				CLANG_WARN_EMPTY_BODY = YES;
				CLANG_WARN_ENUM_CONVERSION = YES;
				CLANG_WARN_INFINITE_RECURSION = YES;
				CLANG_WARN_INT_CONVERSION = YES;
				CLANG_WARN_NON_LITERAL_NULL_CONVERSION = YES;
				CLANG_WARN_OBJC_IMPLICIT_RETAIN_SELF = YES;
				CLANG_WARN_OBJC_LITERAL_CONVERSION = YES;
				CLANG_WARN_OBJC_ROOT_CLASS = YES_ERROR;
				CLANG_WARN_QUOTED_INCLUDE_IN_FRAMEWORK_HEADER = YES;
				CLANG_WARN_RANGE_LOOP_ANALYSIS = YES;
				CLANG_WARN_STRICT_PROTOTYPES = YES;
				CLANG_WARN_SUSPICIOUS_MOVE = YES;
				CLANG_WARN_UNGUARDED_AVAILABILITY = YES_AGGRESSIVE;
				CLANG_WARN_UNREACHABLE_CODE = YES;
				CLANG_WARN__DUPLICATE_METHOD_MATCH = YES;
				COPY_PHASE_STRIP = NO;
				DEBUG_INFORMATION_FORMAT = "dwarf-with-dsym";
				ENABLE_NS_ASSERTIONS = NO;
				ENABLE_STRICT_OBJC_MSGSEND = YES;
				ENABLE_USER_SCRIPT_SANDBOXING = YES;
				GCC_C_LANGUAGE_STANDARD = gnu17;
				GCC_NO_COMMON_BLOCKS = YES;
				GCC_WARN_64_TO_32_BIT_CONVERSION = YES;
				GCC_WARN_ABOUT_RETURN_TYPE = YES_ERROR;
				GCC_WARN_UNDECLARED_SELECTOR = YES;
				GCC_WARN_UNINITIALIZED_AUTOS = YES_AGGRESSIVE;
				GCC_WARN_UNUSED_FUNCTION = YES;
				GCC_WARN_UNUSED_VARIABLE = YES;
				IPHONEOS_DEPLOYMENT_TARGET = 17.0;
				LOCALIZATION_PREFERS_STRING_CATALOGS = YES;
				MTL_ENABLE_DEBUG_INFO = NO;
				MTL_FAST_MATH = YES;
				SDKROOT = iphoneos;
				SWIFT_COMPILATION_MODE = wholemodule;
				VALIDATE_PRODUCT = YES;
			};
			name = Release;
		};
		49C054112AF0946000130FD6 /* Debug */ = {
			isa = XCBuildConfiguration;
			buildSettings = {
				ASSETCATALOG_COMPILER_APPICON_NAME = AppIcon;
				ASSETCATALOG_COMPILER_GLOBAL_ACCENT_COLOR_NAME = AccentColor;
				CODE_SIGN_ALLOW_ENTITLEMENTS_MODIFICATION = YES;
				CODE_SIGN_ENTITLEMENTS = "Now Dribble/Now Dribble.entitlements";
				CODE_SIGN_STYLE = Automatic;
				CURRENT_PROJECT_VERSION = 1;
				DEVELOPMENT_ASSET_PATHS = "Now\\ Dribble/Preview\\ Content";
				DEVELOPMENT_TEAM = QHZ7823X5T;
				ENABLE_PREVIEWS = YES;
				GENERATE_INFOPLIST_FILE = YES;
				INFOPLIST_FILE = "Now-Dribble-Info.plist";
				INFOPLIST_KEY_CFBundleDisplayName = "Now Dribble";
				INFOPLIST_KEY_LSApplicationCategoryType = "public.app-category.healthcare-fitness";
				INFOPLIST_KEY_UIApplicationSceneManifest_Generation = YES;
				INFOPLIST_KEY_UIApplicationSupportsIndirectInputEvents = YES;
				INFOPLIST_KEY_UILaunchScreen_Generation = YES;
				INFOPLIST_KEY_UIStatusBarStyle = "";
				INFOPLIST_KEY_UISupportedInterfaceOrientations = UIInterfaceOrientationPortrait;
				INFOPLIST_KEY_UISupportedInterfaceOrientations_iPad = "UIInterfaceOrientationLandscapeLeft UIInterfaceOrientationLandscapeRight UIInterfaceOrientationPortrait UIInterfaceOrientationPortraitUpsideDown";
				IPHONEOS_DEPLOYMENT_TARGET = 17.0;
				LD_RUNPATH_SEARCH_PATHS = (
					"$(inherited)",
					"@executable_path/Frameworks",
				);
				MARKETING_VERSION = 0.3;
				PRODUCT_BUNDLE_IDENTIFIER = "phneelgroup.Now-Dribble";
				PRODUCT_NAME = "$(TARGET_NAME)";
				SUPPORTED_PLATFORMS = "iphoneos iphonesimulator";
				SUPPORTS_MACCATALYST = NO;
				SUPPORTS_MAC_DESIGNED_FOR_IPHONE_IPAD = NO;
				SUPPORTS_XR_DESIGNED_FOR_IPHONE_IPAD = NO;
				SWIFT_EMIT_LOC_STRINGS = YES;
				SWIFT_VERSION = 5.0;
				TARGETED_DEVICE_FAMILY = 1;
			};
			name = Debug;
		};
		49C054122AF0946000130FD6 /* Release */ = {
			isa = XCBuildConfiguration;
			buildSettings = {
				ASSETCATALOG_COMPILER_APPICON_NAME = AppIcon;
				ASSETCATALOG_COMPILER_GLOBAL_ACCENT_COLOR_NAME = AccentColor;
				CODE_SIGN_ALLOW_ENTITLEMENTS_MODIFICATION = YES;
				CODE_SIGN_ENTITLEMENTS = "Now Dribble/Now Dribble.entitlements";
				CODE_SIGN_STYLE = Automatic;
				CURRENT_PROJECT_VERSION = 1;
				DEVELOPMENT_ASSET_PATHS = "Now\\ Dribble/Preview\\ Content";
				DEVELOPMENT_TEAM = QHZ7823X5T;
				ENABLE_PREVIEWS = YES;
				GENERATE_INFOPLIST_FILE = YES;
				INFOPLIST_FILE = "Now-Dribble-Info.plist";
				INFOPLIST_KEY_CFBundleDisplayName = "Now Dribble";
				INFOPLIST_KEY_LSApplicationCategoryType = "public.app-category.healthcare-fitness";
				INFOPLIST_KEY_UIApplicationSceneManifest_Generation = YES;
				INFOPLIST_KEY_UIApplicationSupportsIndirectInputEvents = YES;
				INFOPLIST_KEY_UILaunchScreen_Generation = YES;
				INFOPLIST_KEY_UIStatusBarStyle = "";
				INFOPLIST_KEY_UISupportedInterfaceOrientations = UIInterfaceOrientationPortrait;
				INFOPLIST_KEY_UISupportedInterfaceOrientations_iPad = "UIInterfaceOrientationLandscapeLeft UIInterfaceOrientationLandscapeRight UIInterfaceOrientationPortrait UIInterfaceOrientationPortraitUpsideDown";
				IPHONEOS_DEPLOYMENT_TARGET = 17.0;
				LD_RUNPATH_SEARCH_PATHS = (
					"$(inherited)",
					"@executable_path/Frameworks",
				);
				MARKETING_VERSION = 0.3;
				PRODUCT_BUNDLE_IDENTIFIER = "phneelgroup.Now-Dribble";
				PRODUCT_NAME = "$(TARGET_NAME)";
				SUPPORTED_PLATFORMS = "iphoneos iphonesimulator";
				SUPPORTS_MACCATALYST = NO;
				SUPPORTS_MAC_DESIGNED_FOR_IPHONE_IPAD = NO;
				SUPPORTS_XR_DESIGNED_FOR_IPHONE_IPAD = NO;
				SWIFT_EMIT_LOC_STRINGS = YES;
				SWIFT_VERSION = 5.0;
				TARGETED_DEVICE_FAMILY = 1;
			};
			name = Release;
		};
		49C054142AF0946000130FD6 /* Debug */ = {
			isa = XCBuildConfiguration;
			buildSettings = {
				ALWAYS_EMBED_SWIFT_STANDARD_LIBRARIES = YES;
				BUNDLE_LOADER = "$(TEST_HOST)";
				CODE_SIGN_STYLE = Automatic;
				CURRENT_PROJECT_VERSION = 1;
				DEVELOPMENT_TEAM = QHZ7823X5T;
				GENERATE_INFOPLIST_FILE = YES;
				IPHONEOS_DEPLOYMENT_TARGET = 17.0;
				MARKETING_VERSION = 1.0;
				PRODUCT_BUNDLE_IDENTIFIER = "phneelgroup.Now-DribbleTests";
				PRODUCT_NAME = "$(TARGET_NAME)";
				SWIFT_EMIT_LOC_STRINGS = NO;
				SWIFT_VERSION = 5.0;
				TARGETED_DEVICE_FAMILY = "1,2";
				TEST_HOST = "$(BUILT_PRODUCTS_DIR)/Now Dribble.app/$(BUNDLE_EXECUTABLE_FOLDER_PATH)/Now Dribble";
			};
			name = Debug;
		};
		49C054152AF0946000130FD6 /* Release */ = {
			isa = XCBuildConfiguration;
			buildSettings = {
				ALWAYS_EMBED_SWIFT_STANDARD_LIBRARIES = YES;
				BUNDLE_LOADER = "$(TEST_HOST)";
				CODE_SIGN_STYLE = Automatic;
				CURRENT_PROJECT_VERSION = 1;
				DEVELOPMENT_TEAM = QHZ7823X5T;
				GENERATE_INFOPLIST_FILE = YES;
				IPHONEOS_DEPLOYMENT_TARGET = 17.0;
				MARKETING_VERSION = 1.0;
				PRODUCT_BUNDLE_IDENTIFIER = "phneelgroup.Now-DribbleTests";
				PRODUCT_NAME = "$(TARGET_NAME)";
				SWIFT_EMIT_LOC_STRINGS = NO;
				SWIFT_VERSION = 5.0;
				TARGETED_DEVICE_FAMILY = "1,2";
				TEST_HOST = "$(BUILT_PRODUCTS_DIR)/Now Dribble.app/$(BUNDLE_EXECUTABLE_FOLDER_PATH)/Now Dribble";
			};
			name = Release;
		};
		49C054172AF0946000130FD6 /* Debug */ = {
			isa = XCBuildConfiguration;
			buildSettings = {
				ALWAYS_EMBED_SWIFT_STANDARD_LIBRARIES = YES;
				CODE_SIGN_STYLE = Automatic;
				CURRENT_PROJECT_VERSION = 1;
				DEVELOPMENT_TEAM = QHZ7823X5T;
				GENERATE_INFOPLIST_FILE = YES;
				MARKETING_VERSION = 1.0;
				PRODUCT_BUNDLE_IDENTIFIER = "phneelgroup.Now-DribbleUITests";
				PRODUCT_NAME = "$(TARGET_NAME)";
				SUPPORTED_PLATFORMS = "iphoneos iphonesimulator";
				SUPPORTS_MACCATALYST = NO;
				SUPPORTS_MAC_DESIGNED_FOR_IPHONE_IPAD = NO;
				SUPPORTS_XR_DESIGNED_FOR_IPHONE_IPAD = NO;
				SWIFT_EMIT_LOC_STRINGS = NO;
				SWIFT_VERSION = 5.0;
				TARGETED_DEVICE_FAMILY = 1;
				TEST_TARGET_NAME = "Now Dribble";
			};
			name = Debug;
		};
		49C054182AF0946000130FD6 /* Release */ = {
			isa = XCBuildConfiguration;
			buildSettings = {
				ALWAYS_EMBED_SWIFT_STANDARD_LIBRARIES = YES;
				CODE_SIGN_STYLE = Automatic;
				CURRENT_PROJECT_VERSION = 1;
				DEVELOPMENT_TEAM = QHZ7823X5T;
				GENERATE_INFOPLIST_FILE = YES;
				MARKETING_VERSION = 1.0;
				PRODUCT_BUNDLE_IDENTIFIER = "phneelgroup.Now-DribbleUITests";
				PRODUCT_NAME = "$(TARGET_NAME)";
				SUPPORTED_PLATFORMS = "iphoneos iphonesimulator";
				SUPPORTS_MACCATALYST = NO;
				SUPPORTS_MAC_DESIGNED_FOR_IPHONE_IPAD = NO;
				SUPPORTS_XR_DESIGNED_FOR_IPHONE_IPAD = NO;
				SWIFT_EMIT_LOC_STRINGS = NO;
				SWIFT_VERSION = 5.0;
				TARGETED_DEVICE_FAMILY = 1;
				TEST_TARGET_NAME = "Now Dribble";
			};
			name = Release;
		};
/* End XCBuildConfiguration section */

/* Begin XCConfigurationList section */
		49C053E72AF0945E00130FD6 /* Build configuration list for PBXProject "Now Dribble" */ = {
			isa = XCConfigurationList;
			buildConfigurations = (
				49C0540E2AF0946000130FD6 /* Debug */,
				49C0540F2AF0946000130FD6 /* Release */,
			);
			defaultConfigurationIsVisible = 0;
			defaultConfigurationName = Release;
		};
		49C054102AF0946000130FD6 /* Build configuration list for PBXNativeTarget "Now Dribble" */ = {
			isa = XCConfigurationList;
			buildConfigurations = (
				49C054112AF0946000130FD6 /* Debug */,
				49C054122AF0946000130FD6 /* Release */,
			);
			defaultConfigurationIsVisible = 0;
			defaultConfigurationName = Release;
		};
		49C054132AF0946000130FD6 /* Build configuration list for PBXNativeTarget "Now DribbleTests" */ = {
			isa = XCConfigurationList;
			buildConfigurations = (
				49C054142AF0946000130FD6 /* Debug */,
				49C054152AF0946000130FD6 /* Release */,
			);
			defaultConfigurationIsVisible = 0;
			defaultConfigurationName = Release;
		};
		49C054162AF0946000130FD6 /* Build configuration list for PBXNativeTarget "Now DribbleUITests" */ = {
			isa = XCConfigurationList;
			buildConfigurations = (
				49C054172AF0946000130FD6 /* Debug */,
				49C054182AF0946000130FD6 /* Release */,
			);
			defaultConfigurationIsVisible = 0;
			defaultConfigurationName = Release;
		};
/* End XCConfigurationList section */
	};
	rootObject = 49C053E42AF0945E00130FD6 /* Project object */;
}
